
Microsoft Visual Studio Solution File, Format Version 12.00
# Visual Studio Version 17
VisualStudioVersion = 17.1.32328.378
MinimumVisualStudioVersion = 10.0.40219.1
Project("{FAE04EC0-301F-11D3-BF4B-00C04F79EFBC}") = "Saab.Time.Abstractions", "Saab.Time.Abstractions\Saab.Time.Abstractions.csproj", "{5D07592A-F199-49C8-84BF-A10CC5948AD0}"
EndProject
Global
	GlobalSection(SolutionConfigurationPlatforms) = preSolution
		Debug|Any CPU = Debug|Any CPU
		Release|Any CPU = Release|Any CPU
	EndGlobalSection
	GlobalSection(ProjectConfigurationPlatforms) = postSolution
		{5D07592A-F199-49C8-84BF-A10CC5948AD0}.Debug|Any CPU.ActiveCfg = Debug|Any CPU
		{5D07592A-F199-49C8-84BF-A10CC5948AD0}.Debug|Any CPU.Build.0 = Debug|Any CPU
		{5D07592A-F199-49C8-84BF-A10CC5948AD0}.Release|Any CPU.ActiveCfg = Release|Any CPU
		{5D07592A-F199-49C8-84BF-A10CC5948AD0}.Release|Any CPU.Build.0 = Release|Any CPU
	EndGlobalSection
	GlobalSection(SolutionProperties) = preSolution
		HideSolutionNode = FALSE
	EndGlobalSection
	GlobalSection(ExtensibilityGlobals) = postSolution
		SolutionGuid = {E1362E29-BF0D-4FF8-9569-3513E3A7B783}
	EndGlobalSection
EndGlobal
